// !$*UTF8*$!
{
	archiveVersion = 1;
	classes = {
	};
	objectVersion = 50;
	objects = {

/* Begin PBXBuildFile section */
		778634BD2576AA8200BC1071 /* Constants.swift in Sources */ = {isa = PBXBuildFile; fileRef = 778634BC2576AA8200BC1071 /* Constants.swift */; };
		778634CE2576BD5900BC1071 /* FavViewController.swift in Sources */ = {isa = PBXBuildFile; fileRef = 778634CD2576BD5900BC1071 /* FavViewController.swift */; };
		778634D32576BDA400BC1071 /* LogOutViewController.swift in Sources */ = {isa = PBXBuildFile; fileRef = 778634D22576BDA400BC1071 /* LogOutViewController.swift */; };
		778634DC2576C58F00BC1071 /* HomeTableViewCell.swift in Sources */ = {isa = PBXBuildFile; fileRef = 778634DB2576C58F00BC1071 /* HomeTableViewCell.swift */; };
		778634E725770D7500BC1071 /* clock.png in Resources */ = {isa = PBXBuildFile; fileRef = 778634E625770D7500BC1071 /* clock.png */; };
		77863513257C2F6000BC1071 /* AlbumViewController.swift in Sources */ = {isa = PBXBuildFile; fileRef = 77863512257C2F6000BC1071 /* AlbumViewController.swift */; };
		77863518257C30F300BC1071 /* AlbumTableViewCell.swift in Sources */ = {isa = PBXBuildFile; fileRef = 77863517257C30F300BC1071 /* AlbumTableViewCell.swift */; };
		7786351D257C4AED00BC1071 /* FavoriteViewControllerTableViewCell.swift in Sources */ = {isa = PBXBuildFile; fileRef = 7786351C257C4AED00BC1071 /* FavoriteViewControllerTableViewCell.swift */; };
		778AD261255E149800ED1DB5 /* AppDelegate.swift in Sources */ = {isa = PBXBuildFile; fileRef = 778AD260255E149800ED1DB5 /* AppDelegate.swift */; };
		778AD263255E149800ED1DB5 /* SceneDelegate.swift in Sources */ = {isa = PBXBuildFile; fileRef = 778AD262255E149800ED1DB5 /* SceneDelegate.swift */; };
		778AD265255E149800ED1DB5 /* ViewController.swift in Sources */ = {isa = PBXBuildFile; fileRef = 778AD264255E149800ED1DB5 /* ViewController.swift */; };
		778AD268255E149800ED1DB5 /* Main.storyboard in Resources */ = {isa = PBXBuildFile; fileRef = 778AD266255E149800ED1DB5 /* Main.storyboard */; };
		778AD26B255E149800ED1DB5 /* Spotifast.xcdatamodeld in Sources */ = {isa = PBXBuildFile; fileRef = 778AD269255E149800ED1DB5 /* Spotifast.xcdatamodeld */; };
		778AD26D255E149B00ED1DB5 /* Assets.xcassets in Resources */ = {isa = PBXBuildFile; fileRef = 778AD26C255E149B00ED1DB5 /* Assets.xcassets */; };
		778AD270255E149B00ED1DB5 /* LaunchScreen.storyboard in Resources */ = {isa = PBXBuildFile; fileRef = 778AD26E255E149B00ED1DB5 /* LaunchScreen.storyboard */; };
		778AD27B255E149C00ED1DB5 /* SpotifastTests.swift in Sources */ = {isa = PBXBuildFile; fileRef = 778AD27A255E149C00ED1DB5 /* SpotifastTests.swift */; };
		778AD286255E149C00ED1DB5 /* SpotifastUITests.swift in Sources */ = {isa = PBXBuildFile; fileRef = 778AD285255E149C00ED1DB5 /* SpotifastUITests.swift */; };
/* End PBXBuildFile section */

/* Begin PBXContainerItemProxy section */
		778AD277255E149C00ED1DB5 /* PBXContainerItemProxy */ = {
			isa = PBXContainerItemProxy;
			containerPortal = 778AD255255E149800ED1DB5 /* Project object */;
			proxyType = 1;
			remoteGlobalIDString = 778AD25C255E149800ED1DB5;
			remoteInfo = Spotifast;
		};
		778AD282255E149C00ED1DB5 /* PBXContainerItemProxy */ = {
			isa = PBXContainerItemProxy;
			containerPortal = 778AD255255E149800ED1DB5 /* Project object */;
			proxyType = 1;
			remoteGlobalIDString = 778AD25C255E149800ED1DB5;
			remoteInfo = Spotifast;
		};
/* End PBXContainerItemProxy section */

/* Begin PBXFileReference section */
		778634BC2576AA8200BC1071 /* Constants.swift */ = {isa = PBXFileReference; lastKnownFileType = sourcecode.swift; path = Constants.swift; sourceTree = "<group>"; };
		778634CD2576BD5900BC1071 /* FavViewController.swift */ = {isa = PBXFileReference; lastKnownFileType = sourcecode.swift; path = FavViewController.swift; sourceTree = "<group>"; };
		778634D22576BDA400BC1071 /* LogOutViewController.swift */ = {isa = PBXFileReference; lastKnownFileType = sourcecode.swift; path = LogOutViewController.swift; sourceTree = "<group>"; };
		778634DB2576C58F00BC1071 /* HomeTableViewCell.swift */ = {isa = PBXFileReference; lastKnownFileType = sourcecode.swift; path = HomeTableViewCell.swift; sourceTree = "<group>"; };
		778634E625770D7500BC1071 /* clock.png */ = {isa = PBXFileReference; lastKnownFileType = image.png; path = clock.png; sourceTree = "<group>"; };
		77863512257C2F6000BC1071 /* AlbumViewController.swift */ = {isa = PBXFileReference; lastKnownFileType = sourcecode.swift; path = AlbumViewController.swift; sourceTree = "<group>"; };
		77863517257C30F300BC1071 /* AlbumTableViewCell.swift */ = {isa = PBXFileReference; lastKnownFileType = sourcecode.swift; path = AlbumTableViewCell.swift; sourceTree = "<group>"; };
		7786351C257C4AED00BC1071 /* FavoriteViewControllerTableViewCell.swift */ = {isa = PBXFileReference; lastKnownFileType = sourcecode.swift; path = FavoriteViewControllerTableViewCell.swift; sourceTree = "<group>"; };
		778AD25D255E149800ED1DB5 /* Spotifast.app */ = {isa = PBXFileReference; explicitFileType = wrapper.application; includeInIndex = 0; path = Spotifast.app; sourceTree = BUILT_PRODUCTS_DIR; };
		778AD260255E149800ED1DB5 /* AppDelegate.swift */ = {isa = PBXFileReference; lastKnownFileType = sourcecode.swift; path = AppDelegate.swift; sourceTree = "<group>"; };
		778AD262255E149800ED1DB5 /* SceneDelegate.swift */ = {isa = PBXFileReference; lastKnownFileType = sourcecode.swift; path = SceneDelegate.swift; sourceTree = "<group>"; };
		778AD264255E149800ED1DB5 /* ViewController.swift */ = {isa = PBXFileReference; lastKnownFileType = sourcecode.swift; path = ViewController.swift; sourceTree = "<group>"; };
		778AD267255E149800ED1DB5 /* Base */ = {isa = PBXFileReference; lastKnownFileType = file.storyboard; name = Base; path = Base.lproj/Main.storyboard; sourceTree = "<group>"; };
		778AD26A255E149800ED1DB5 /* Spotifast.xcdatamodel */ = {isa = PBXFileReference; lastKnownFileType = wrapper.xcdatamodel; path = Spotifast.xcdatamodel; sourceTree = "<group>"; };
		778AD26C255E149B00ED1DB5 /* Assets.xcassets */ = {isa = PBXFileReference; lastKnownFileType = folder.assetcatalog; path = Assets.xcassets; sourceTree = "<group>"; };
		778AD26F255E149B00ED1DB5 /* Base */ = {isa = PBXFileReference; lastKnownFileType = file.storyboard; name = Base; path = Base.lproj/LaunchScreen.storyboard; sourceTree = "<group>"; };
		778AD271255E149B00ED1DB5 /* Info.plist */ = {isa = PBXFileReference; lastKnownFileType = text.plist.xml; path = Info.plist; sourceTree = "<group>"; };
		778AD276255E149C00ED1DB5 /* SpotifastTests.xctest */ = {isa = PBXFileReference; explicitFileType = wrapper.cfbundle; includeInIndex = 0; path = SpotifastTests.xctest; sourceTree = BUILT_PRODUCTS_DIR; };
		778AD27A255E149C00ED1DB5 /* SpotifastTests.swift */ = {isa = PBXFileReference; lastKnownFileType = sourcecode.swift; path = SpotifastTests.swift; sourceTree = "<group>"; };
		778AD27C255E149C00ED1DB5 /* Info.plist */ = {isa = PBXFileReference; lastKnownFileType = text.plist.xml; path = Info.plist; sourceTree = "<group>"; };
		778AD281255E149C00ED1DB5 /* SpotifastUITests.xctest */ = {isa = PBXFileReference; explicitFileType = wrapper.cfbundle; includeInIndex = 0; path = SpotifastUITests.xctest; sourceTree = BUILT_PRODUCTS_DIR; };
		778AD285255E149C00ED1DB5 /* SpotifastUITests.swift */ = {isa = PBXFileReference; lastKnownFileType = sourcecode.swift; path = SpotifastUITests.swift; sourceTree = "<group>"; };
		778AD287255E149C00ED1DB5 /* Info.plist */ = {isa = PBXFileReference; lastKnownFileType = text.plist.xml; path = Info.plist; sourceTree = "<group>"; };
/* End PBXFileReference section */

/* Begin PBXFrameworksBuildPhase section */
		778AD25A255E149800ED1DB5 /* Frameworks */ = {
			isa = PBXFrameworksBuildPhase;
			buildActionMask = 2147483647;
			files = (
			);
			runOnlyForDeploymentPostprocessing = 0;
		};
		778AD273255E149C00ED1DB5 /* Frameworks */ = {
			isa = PBXFrameworksBuildPhase;
			buildActionMask = 2147483647;
			files = (
			);
			runOnlyForDeploymentPostprocessing = 0;
		};
		778AD27E255E149C00ED1DB5 /* Frameworks */ = {
			isa = PBXFrameworksBuildPhase;
			buildActionMask = 2147483647;
			files = (
			);
			runOnlyForDeploymentPostprocessing = 0;
		};
/* End PBXFrameworksBuildPhase section */

/* Begin PBXGroup section */
		778634C72576BB6C00BC1071 /* Model */ = {
			isa = PBXGroup;
			children = (
				778634BC2576AA8200BC1071 /* Constants.swift */,
			);
			path = Model;
			sourceTree = "<group>";
		};
		778634C82576BB7700BC1071 /* View */ = {
			isa = PBXGroup;
			children = (
				778AD266255E149800ED1DB5 /* Main.storyboard */,
				778634DA2576C56900BC1071 /* CustomView */,
			);
			path = View;
			sourceTree = "<group>";
		};
		778634C92576BB7F00BC1071 /* Controller */ = {
			isa = PBXGroup;
			children = (
				778634CD2576BD5900BC1071 /* FavViewController.swift */,
				778AD264255E149800ED1DB5 /* ViewController.swift */,
				77863512257C2F6000BC1071 /* AlbumViewController.swift */,
				778634D22576BDA400BC1071 /* LogOutViewController.swift */,
			);
			path = Controller;
			sourceTree = "<group>";
		};
		778634DA2576C56900BC1071 /* CustomView */ = {
			isa = PBXGroup;
			children = (
				778634DB2576C58F00BC1071 /* HomeTableViewCell.swift */,
				77863517257C30F300BC1071 /* AlbumTableViewCell.swift */,
				7786351C257C4AED00BC1071 /* FavoriteViewControllerTableViewCell.swift */,
			);
			path = CustomView;
			sourceTree = "<group>";
		};
		778AD254255E149800ED1DB5 = {
			isa = PBXGroup;
			children = (
				778AD25F255E149800ED1DB5 /* Spotifast */,
				778AD279255E149C00ED1DB5 /* SpotifastTests */,
				778AD284255E149C00ED1DB5 /* SpotifastUITests */,
				778AD25E255E149800ED1DB5 /* Products */,
			);
			sourceTree = "<group>";
		};
		778AD25E255E149800ED1DB5 /* Products */ = {
			isa = PBXGroup;
			children = (
				778AD25D255E149800ED1DB5 /* Spotifast.app */,
				778AD276255E149C00ED1DB5 /* SpotifastTests.xctest */,
				778AD281255E149C00ED1DB5 /* SpotifastUITests.xctest */,
			);
			name = Products;
			sourceTree = "<group>";
		};
		778AD25F255E149800ED1DB5 /* Spotifast */ = {
			isa = PBXGroup;
			children = (
				778AD260255E149800ED1DB5 /* AppDelegate.swift */,
				778AD262255E149800ED1DB5 /* SceneDelegate.swift */,
				778634C72576BB6C00BC1071 /* Model */,
				778634C82576BB7700BC1071 /* View */,
				778634C92576BB7F00BC1071 /* Controller */,
				778AD26C255E149B00ED1DB5 /* Assets.xcassets */,
				778AD26E255E149B00ED1DB5 /* LaunchScreen.storyboard */,
				778AD271255E149B00ED1DB5 /* Info.plist */,
				778AD269255E149800ED1DB5 /* Spotifast.xcdatamodeld */,
			);
			path = Spotifast;
			sourceTree = "<group>";
		};
		778AD279255E149C00ED1DB5 /* SpotifastTests */ = {
			isa = PBXGroup;
			children = (
				778AD27A255E149C00ED1DB5 /* SpotifastTests.swift */,
				778AD27C255E149C00ED1DB5 /* Info.plist */,
				778634E625770D7500BC1071 /* clock.png */,
			);
			path = SpotifastTests;
			sourceTree = "<group>";
		};
		778AD284255E149C00ED1DB5 /* SpotifastUITests */ = {
			isa = PBXGroup;
			children = (
				778AD285255E149C00ED1DB5 /* SpotifastUITests.swift */,
				778AD287255E149C00ED1DB5 /* Info.plist */,
			);
			path = SpotifastUITests;
			sourceTree = "<group>";
		};
/* End PBXGroup section */

/* Begin PBXNativeTarget section */
		778AD25C255E149800ED1DB5 /* Spotifast */ = {
			isa = PBXNativeTarget;
			buildConfigurationList = 778AD28A255E149C00ED1DB5 /* Build configuration list for PBXNativeTarget "Spotifast" */;
			buildPhases = (
				778AD259255E149800ED1DB5 /* Sources */,
				778AD25A255E149800ED1DB5 /* Frameworks */,
				778AD25B255E149800ED1DB5 /* Resources */,
			);
			buildRules = (
			);
			dependencies = (
			);
			name = Spotifast;
			productName = Spotifast;
			productReference = 778AD25D255E149800ED1DB5 /* Spotifast.app */;
			productType = "com.apple.product-type.application";
		};
		778AD275255E149C00ED1DB5 /* SpotifastTests */ = {
			isa = PBXNativeTarget;
			buildConfigurationList = 778AD28D255E149C00ED1DB5 /* Build configuration list for PBXNativeTarget "SpotifastTests" */;
			buildPhases = (
				778AD272255E149C00ED1DB5 /* Sources */,
				778AD273255E149C00ED1DB5 /* Frameworks */,
				778AD274255E149C00ED1DB5 /* Resources */,
			);
			buildRules = (
			);
			dependencies = (
				778AD278255E149C00ED1DB5 /* PBXTargetDependency */,
			);
			name = SpotifastTests;
			productName = SpotifastTests;
			productReference = 778AD276255E149C00ED1DB5 /* SpotifastTests.xctest */;
			productType = "com.apple.product-type.bundle.unit-test";
		};
		778AD280255E149C00ED1DB5 /* SpotifastUITests */ = {
			isa = PBXNativeTarget;
			buildConfigurationList = 778AD290255E149C00ED1DB5 /* Build configuration list for PBXNativeTarget "SpotifastUITests" */;
			buildPhases = (
				778AD27D255E149C00ED1DB5 /* Sources */,
				778AD27E255E149C00ED1DB5 /* Frameworks */,
				778AD27F255E149C00ED1DB5 /* Resources */,
			);
			buildRules = (
			);
			dependencies = (
				778AD283255E149C00ED1DB5 /* PBXTargetDependency */,
			);
			name = SpotifastUITests;
			productName = SpotifastUITests;
			productReference = 778AD281255E149C00ED1DB5 /* SpotifastUITests.xctest */;
			productType = "com.apple.product-type.bundle.ui-testing";
		};
/* End PBXNativeTarget section */

/* Begin PBXProject section */
		778AD255255E149800ED1DB5 /* Project object */ = {
			isa = PBXProject;
			attributes = {
				LastSwiftUpdateCheck = 1210;
				LastUpgradeCheck = 1210;
				TargetAttributes = {
					778AD25C255E149800ED1DB5 = {
						CreatedOnToolsVersion = 12.1;
					};
					778AD275255E149C00ED1DB5 = {
						CreatedOnToolsVersion = 12.1;
						TestTargetID = 778AD25C255E149800ED1DB5;
					};
					778AD280255E149C00ED1DB5 = {
						CreatedOnToolsVersion = 12.1;
						TestTargetID = 778AD25C255E149800ED1DB5;
					};
				};
			};
			buildConfigurationList = 778AD258255E149800ED1DB5 /* Build configuration list for PBXProject "Spotifast" */;
			compatibilityVersion = "Xcode 9.3";
			developmentRegion = en;
			hasScannedForEncodings = 0;
			knownRegions = (
				en,
				Base,
			);
			mainGroup = 778AD254255E149800ED1DB5;
			productRefGroup = 778AD25E255E149800ED1DB5 /* Products */;
			projectDirPath = "";
			projectRoot = "";
			targets = (
				778AD25C255E149800ED1DB5 /* Spotifast */,
				778AD275255E149C00ED1DB5 /* SpotifastTests */,
				778AD280255E149C00ED1DB5 /* SpotifastUITests */,
			);
		};
/* End PBXProject section */

/* Begin PBXResourcesBuildPhase section */
		778AD25B255E149800ED1DB5 /* Resources */ = {
			isa = PBXResourcesBuildPhase;
			buildActionMask = 2147483647;
			files = (
				778AD270255E149B00ED1DB5 /* LaunchScreen.storyboard in Resources */,
				778AD26D255E149B00ED1DB5 /* Assets.xcassets in Resources */,
				778AD268255E149800ED1DB5 /* Main.storyboard in Resources */,
			);
			runOnlyForDeploymentPostprocessing = 0;
		};
		778AD274255E149C00ED1DB5 /* Resources */ = {
			isa = PBXResourcesBuildPhase;
			buildActionMask = 2147483647;
			files = (
				778634E725770D7500BC1071 /* clock.png in Resources */,
			);
			runOnlyForDeploymentPostprocessing = 0;
		};
		778AD27F255E149C00ED1DB5 /* Resources */ = {
			isa = PBXResourcesBuildPhase;
			buildActionMask = 2147483647;
			files = (
			);
			runOnlyForDeploymentPostprocessing = 0;
		};
/* End PBXResourcesBuildPhase section */

/* Begin PBXSourcesBuildPhase section */
		778AD259255E149800ED1DB5 /* Sources */ = {
			isa = PBXSourcesBuildPhase;
			buildActionMask = 2147483647;
			files = (
				778634CE2576BD5900BC1071 /* FavViewController.swift in Sources */,
				7786351D257C4AED00BC1071 /* FavoriteViewControllerTableViewCell.swift in Sources */,
				778634BD2576AA8200BC1071 /* Constants.swift in Sources */,
				778AD265255E149800ED1DB5 /* ViewController.swift in Sources */,
				77863513257C2F6000BC1071 /* AlbumViewController.swift in Sources */,
				778AD261255E149800ED1DB5 /* AppDelegate.swift in Sources */,
				77863518257C30F300BC1071 /* AlbumTableViewCell.swift in Sources */,
				778AD263255E149800ED1DB5 /* SceneDelegate.swift in Sources */,
				778AD26B255E149800ED1DB5 /* Spotifast.xcdatamodeld in Sources */,
				778634DC2576C58F00BC1071 /* HomeTableViewCell.swift in Sources */,
				778634D32576BDA400BC1071 /* LogOutViewController.swift in Sources */,
			);
			runOnlyForDeploymentPostprocessing = 0;
		};
		778AD272255E149C00ED1DB5 /* Sources */ = {
			isa = PBXSourcesBuildPhase;
			buildActionMask = 2147483647;
			files = (
				778AD27B255E149C00ED1DB5 /* SpotifastTests.swift in Sources */,
			);
			runOnlyForDeploymentPostprocessing = 0;
		};
		778AD27D255E149C00ED1DB5 /* Sources */ = {
			isa = PBXSourcesBuildPhase;
			buildActionMask = 2147483647;
			files = (
				778AD286255E149C00ED1DB5 /* SpotifastUITests.swift in Sources */,
			);
			runOnlyForDeploymentPostprocessing = 0;
		};
/* End PBXSourcesBuildPhase section */

/* Begin PBXTargetDependency section */
		778AD278255E149C00ED1DB5 /* PBXTargetDependency */ = {
			isa = PBXTargetDependency;
			target = 778AD25C255E149800ED1DB5 /* Spotifast */;
			targetProxy = 778AD277255E149C00ED1DB5 /* PBXContainerItemProxy */;
		};
		778AD283255E149C00ED1DB5 /* PBXTargetDependency */ = {
			isa = PBXTargetDependency;
			target = 778AD25C255E149800ED1DB5 /* Spotifast */;
			targetProxy = 778AD282255E149C00ED1DB5 /* PBXContainerItemProxy */;
		};
/* End PBXTargetDependency section */

/* Begin PBXVariantGroup section */
		778AD266255E149800ED1DB5 /* Main.storyboard */ = {
			isa = PBXVariantGroup;
			children = (
				778AD267255E149800ED1DB5 /* Base */,
			);
			name = Main.storyboard;
			sourceTree = "<group>";
		};
		778AD26E255E149B00ED1DB5 /* LaunchScreen.storyboard */ = {
			isa = PBXVariantGroup;
			children = (
				778AD26F255E149B00ED1DB5 /* Base */,
			);
			name = LaunchScreen.storyboard;
			sourceTree = "<group>";
		};
/* End PBXVariantGroup section */

/* Begin XCBuildConfiguration section */
		778AD288255E149C00ED1DB5 /* Debug */ = {
			isa = XCBuildConfiguration;
			buildSettings = {
				ALWAYS_SEARCH_USER_PATHS = NO;
				CLANG_ANALYZER_NONNULL = YES;
				CLANG_ANALYZER_NUMBER_OBJECT_CONVERSION = YES_AGGRESSIVE;
				CLANG_CXX_LANGUAGE_STANDARD = "gnu++14";
				CLANG_CXX_LIBRARY = "libc++";
				CLANG_ENABLE_MODULES = YES;
				CLANG_ENABLE_OBJC_ARC = YES;
				CLANG_ENABLE_OBJC_WEAK = YES;
				CLANG_WARN_BLOCK_CAPTURE_AUTORELEASING = YES;
				CLANG_WARN_BOOL_CONVERSION = YES;
				CLANG_WARN_COMMA = YES;
				CLANG_WARN_CONSTANT_CONVERSION = YES;
				CLANG_WARN_DEPRECATED_OBJC_IMPLEMENTATIONS = YES;
				CLANG_WARN_DIRECT_OBJC_ISA_USAGE = YES_ERROR;
				CLANG_WARN_DOCUMENTATION_COMMENTS = YES;
				CLANG_WARN_EMPTY_BODY = YES;
				CLANG_WARN_ENUM_CONVERSION = YES;
				CLANG_WARN_INFINITE_RECURSION = YES;
				CLANG_WARN_INT_CONVERSION = YES;
				CLANG_WARN_NON_LITERAL_NULL_CONVERSION = YES;
				CLANG_WARN_OBJC_IMPLICIT_RETAIN_SELF = YES;
				CLANG_WARN_OBJC_LITERAL_CONVERSION = YES;
				CLANG_WARN_OBJC_ROOT_CLASS = YES_ERROR;
				CLANG_WARN_QUOTED_INCLUDE_IN_FRAMEWORK_HEADER = YES;
				CLANG_WARN_RANGE_LOOP_ANALYSIS = YES;
				CLANG_WARN_STRICT_PROTOTYPES = YES;
				CLANG_WARN_SUSPICIOUS_MOVE = YES;
				CLANG_WARN_UNGUARDED_AVAILABILITY = YES_AGGRESSIVE;
				CLANG_WARN_UNREACHABLE_CODE = YES;
				CLANG_WARN__DUPLICATE_METHOD_MATCH = YES;
				COPY_PHASE_STRIP = NO;
				DEBUG_INFORMATION_FORMAT = dwarf;
				ENABLE_STRICT_OBJC_MSGSEND = YES;
				ENABLE_TESTABILITY = YES;
				GCC_C_LANGUAGE_STANDARD = gnu11;
				GCC_DYNAMIC_NO_PIC = NO;
				GCC_NO_COMMON_BLOCKS = YES;
				GCC_OPTIMIZATION_LEVEL = 0;
				GCC_PREPROCESSOR_DEFINITIONS = (
					"DEBUG=1",
					"$(inherited)",
				);
				GCC_WARN_64_TO_32_BIT_CONVERSION = YES;
				GCC_WARN_ABOUT_RETURN_TYPE = YES_ERROR;
				GCC_WARN_UNDECLARED_SELECTOR = YES;
				GCC_WARN_UNINITIALIZED_AUTOS = YES_AGGRESSIVE;
				GCC_WARN_UNUSED_FUNCTION = YES;
				GCC_WARN_UNUSED_VARIABLE = YES;
				IPHONEOS_DEPLOYMENT_TARGET = 14.1;
				MTL_ENABLE_DEBUG_INFO = INCLUDE_SOURCE;
				MTL_FAST_MATH = YES;
				ONLY_ACTIVE_ARCH = YES;
				SDKROOT = iphoneos;
				SWIFT_ACTIVE_COMPILATION_CONDITIONS = DEBUG;
				SWIFT_OPTIMIZATION_LEVEL = "-Onone";
			};
			name = Debug;
		};
		778AD289255E149C00ED1DB5 /* Release */ = {
			isa = XCBuildConfiguration;
			buildSettings = {
				ALWAYS_SEARCH_USER_PATHS = NO;
				CLANG_ANALYZER_NONNULL = YES;
				CLANG_ANALYZER_NUMBER_OBJECT_CONVERSION = YES_AGGRESSIVE;
				CLANG_CXX_LANGUAGE_STANDARD = "gnu++14";
				CLANG_CXX_LIBRARY = "libc++";
				CLANG_ENABLE_MODULES = YES;
				CLANG_ENABLE_OBJC_ARC = YES;
				CLANG_ENABLE_OBJC_WEAK = YES;
				CLANG_WARN_BLOCK_CAPTURE_AUTORELEASING = YES;
				CLANG_WARN_BOOL_CONVERSION = YES;
				CLANG_WARN_COMMA = YES;
				CLANG_WARN_CONSTANT_CONVERSION = YES;
				CLANG_WARN_DEPRECATED_OBJC_IMPLEMENTATIONS = YES;
				CLANG_WARN_DIRECT_OBJC_ISA_USAGE = YES_ERROR;
				CLANG_WARN_DOCUMENTATION_COMMENTS = YES;
				CLANG_WARN_EMPTY_BODY = YES;
				CLANG_WARN_ENUM_CONVERSION = YES;
				CLANG_WARN_INFINITE_RECURSION = YES;
				CLANG_WARN_INT_CONVERSION = YES;
				CLANG_WARN_NON_LITERAL_NULL_CONVERSION = YES;
				CLANG_WARN_OBJC_IMPLICIT_RETAIN_SELF = YES;
				CLANG_WARN_OBJC_LITERAL_CONVERSION = YES;
				CLANG_WARN_OBJC_ROOT_CLASS = YES_ERROR;
				CLANG_WARN_QUOTED_INCLUDE_IN_FRAMEWORK_HEADER = YES;
				CLANG_WARN_RANGE_LOOP_ANALYSIS = YES;
				CLANG_WARN_STRICT_PROTOTYPES = YES;
				CLANG_WARN_SUSPICIOUS_MOVE = YES;
				CLANG_WARN_UNGUARDED_AVAILABILITY = YES_AGGRESSIVE;
				CLANG_WARN_UNREACHABLE_CODE = YES;
				CLANG_WARN__DUPLICATE_METHOD_MATCH = YES;
				COPY_PHASE_STRIP = NO;
				DEBUG_INFORMATION_FORMAT = "dwarf-with-dsym";
				ENABLE_NS_ASSERTIONS = NO;
				ENABLE_STRICT_OBJC_MSGSEND = YES;
				GCC_C_LANGUAGE_STANDARD = gnu11;
				GCC_NO_COMMON_BLOCKS = YES;
				GCC_WARN_64_TO_32_BIT_CONVERSION = YES;
				GCC_WARN_ABOUT_RETURN_TYPE = YES_ERROR;
				GCC_WARN_UNDECLARED_SELECTOR = YES;
				GCC_WARN_UNINITIALIZED_AUTOS = YES_AGGRESSIVE;
				GCC_WARN_UNUSED_FUNCTION = YES;
				GCC_WARN_UNUSED_VARIABLE = YES;
				IPHONEOS_DEPLOYMENT_TARGET = 14.1;
				MTL_ENABLE_DEBUG_INFO = NO;
				MTL_FAST_MATH = YES;
				SDKROOT = iphoneos;
				SWIFT_COMPILATION_MODE = wholemodule;
				SWIFT_OPTIMIZATION_LEVEL = "-O";
				VALIDATE_PRODUCT = YES;
			};
			name = Release;
		};
		778AD28B255E149C00ED1DB5 /* Debug */ = {
			isa = XCBuildConfiguration;
			buildSettings = {
				ASSETCATALOG_COMPILER_APPICON_NAME = AppIcon;
				ASSETCATALOG_COMPILER_GLOBAL_ACCENT_COLOR_NAME = AccentColor;
				CODE_SIGN_STYLE = Automatic;
				DEVELOPMENT_TEAM = 6AY5G84ET7;
				INFOPLIST_FILE = Spotifast/Info.plist;
				LD_RUNPATH_SEARCH_PATHS = (
					"$(inherited)",
					"@executable_path/Frameworks",
				);
				PRODUCT_BUNDLE_IDENTIFIER = com.modrame.herokuapp.Spotifast;
				PRODUCT_NAME = "$(TARGET_NAME)";
				SWIFT_VERSION = 5.0;
				TARGETED_DEVICE_FAMILY = 1;
			};
			name = Debug;
		};
		778AD28C255E149C00ED1DB5 /* Release */ = {
			isa = XCBuildConfiguration;
			buildSettings = {
				ASSETCATALOG_COMPILER_APPICON_NAME = AppIcon;
				ASSETCATALOG_COMPILER_GLOBAL_ACCENT_COLOR_NAME = AccentColor;
				CODE_SIGN_STYLE = Automatic;
				DEVELOPMENT_TEAM = 6AY5G84ET7;
				INFOPLIST_FILE = Spotifast/Info.plist;
				LD_RUNPATH_SEARCH_PATHS = (
					"$(inherited)",
					"@executable_path/Frameworks",
				);
				PRODUCT_BUNDLE_IDENTIFIER = com.modrame.herokuapp.Spotifast;
				PRODUCT_NAME = "$(TARGET_NAME)";
				SWIFT_VERSION = 5.0;
				TARGETED_DEVICE_FAMILY = 1;
			};
			name = Release;
		};
		778AD28E255E149C00ED1DB5 /* Debug */ = {
			isa = XCBuildConfiguration;
			buildSettings = {
				ALWAYS_EMBED_SWIFT_STANDARD_LIBRARIES = YES;
				BUNDLE_LOADER = "$(TEST_HOST)";
				CODE_SIGN_STYLE = Automatic;
				DEVELOPMENT_TEAM = 6AY5G84ET7;
				INFOPLIST_FILE = SpotifastTests/Info.plist;
				IPHONEOS_DEPLOYMENT_TARGET = 14.1;
				LD_RUNPATH_SEARCH_PATHS = (
					"$(inherited)",
					"@executable_path/Frameworks",
					"@loader_path/Frameworks",
				);
				PRODUCT_BUNDLE_IDENTIFIER = com.modrame.herokuapp.SpotifastTests;
				PRODUCT_NAME = "$(TARGET_NAME)";
				SWIFT_VERSION = 5.0;
				TARGETED_DEVICE_FAMILY = "1,2";
				TEST_HOST = "$(BUILT_PRODUCTS_DIR)/Spotifast.app/Spotifast";
			};
			name = Debug;
		};
		778AD28F255E149C00ED1DB5 /* Release */ = {
			isa = XCBuildConfiguration;
			buildSettings = {
				ALWAYS_EMBED_SWIFT_STANDARD_LIBRARIES = YES;
				BUNDLE_LOADER = "$(TEST_HOST)";
				CODE_SIGN_STYLE = Automatic;
				DEVELOPMENT_TEAM = 6AY5G84ET7;
				INFOPLIST_FILE = SpotifastTests/Info.plist;
				IPHONEOS_DEPLOYMENT_TARGET = 14.1;
				LD_RUNPATH_SEARCH_PATHS = (
					"$(inherited)",
					"@executable_path/Frameworks",
					"@loader_path/Frameworks",
				);
				PRODUCT_BUNDLE_IDENTIFIER = com.modrame.herokuapp.SpotifastTests;
				PRODUCT_NAME = "$(TARGET_NAME)";
				SWIFT_VERSION = 5.0;
				TARGETED_DEVICE_FAMILY = "1,2";
				TEST_HOST = "$(BUILT_PRODUCTS_DIR)/Spotifast.app/Spotifast";
			};
			name = Release;
		};
		778AD291255E149C00ED1DB5 /* Debug */ = {
			isa = XCBuildConfiguration;
			buildSettings = {
				ALWAYS_EMBED_SWIFT_STANDARD_LIBRARIES = YES;
				CODE_SIGN_STYLE = Automatic;
				DEVELOPMENT_TEAM = 6AY5G84ET7;
				INFOPLIST_FILE = SpotifastUITests/Info.plist;
				LD_RUNPATH_SEARCH_PATHS = (
					"$(inherited)",
					"@executable_path/Frameworks",
					"@loader_path/Frameworks",
				);
				PRODUCT_BUNDLE_IDENTIFIER = com.modrame.herokuapp.SpotifastUITests;
				PRODUCT_NAME = "$(TARGET_NAME)";
				SWIFT_VERSION = 5.0;
				TARGETED_DEVICE_FAMILY = "1,2";
				TEST_TARGET_NAME = Spotifast;
			};
			name = Debug;
		};
		778AD292255E149C00ED1DB5 /* Release */ = {
			isa = XCBuildConfiguration;
			buildSettings = {
				ALWAYS_EMBED_SWIFT_STANDARD_LIBRARIES = YES;
				CODE_SIGN_STYLE = Automatic;
				DEVELOPMENT_TEAM = 6AY5G84ET7;
				INFOPLIST_FILE = SpotifastUITests/Info.plist;
				LD_RUNPATH_SEARCH_PATHS = (
					"$(inherited)",
					"@executable_path/Frameworks",
					"@loader_path/Frameworks",
				);
				PRODUCT_BUNDLE_IDENTIFIER = com.modrame.herokuapp.SpotifastUITests;
				PRODUCT_NAME = "$(TARGET_NAME)";
				SWIFT_VERSION = 5.0;
				TARGETED_DEVICE_FAMILY = "1,2";
				TEST_TARGET_NAME = Spotifast;
			};
			name = Release;
		};
/* End XCBuildConfiguration section */

/* Begin XCConfigurationList section */
		778AD258255E149800ED1DB5 /* Build configuration list for PBXProject "Spotifast" */ = {
			isa = XCConfigurationList;
			buildConfigurations = (
				778AD288255E149C00ED1DB5 /* Debug */,
				778AD289255E149C00ED1DB5 /* Release */,
			);
			defaultConfigurationIsVisible = 0;
			defaultConfigurationName = Release;
		};
		778AD28A255E149C00ED1DB5 /* Build configuration list for PBXNativeTarget "Spotifast" */ = {
			isa = XCConfigurationList;
			buildConfigurations = (
				778AD28B255E149C00ED1DB5 /* Debug */,
				778AD28C255E149C00ED1DB5 /* Release */,
			);
			defaultConfigurationIsVisible = 0;
			defaultConfigurationName = Release;
		};
		778AD28D255E149C00ED1DB5 /* Build configuration list for PBXNativeTarget "SpotifastTests" */ = {
			isa = XCConfigurationList;
			buildConfigurations = (
				778AD28E255E149C00ED1DB5 /* Debug */,
				778AD28F255E149C00ED1DB5 /* Release */,
			);
			defaultConfigurationIsVisible = 0;
			defaultConfigurationName = Release;
		};
		778AD290255E149C00ED1DB5 /* Build configuration list for PBXNativeTarget "SpotifastUITests" */ = {
			isa = XCConfigurationList;
			buildConfigurations = (
				778AD291255E149C00ED1DB5 /* Debug */,
				778AD292255E149C00ED1DB5 /* Release */,
			);
			defaultConfigurationIsVisible = 0;
			defaultConfigurationName = Release;
		};
/* End XCConfigurationList section */

/* Begin XCVersionGroup section */
		778AD269255E149800ED1DB5 /* Spotifast.xcdatamodeld */ = {
			isa = XCVersionGroup;
			children = (
				778AD26A255E149800ED1DB5 /* Spotifast.xcdatamodel */,
			);
			currentVersion = 778AD26A255E149800ED1DB5 /* Spotifast.xcdatamodel */;
			path = Spotifast.xcdatamodeld;
			sourceTree = "<group>";
			versionGroupType = wrapper.xcdatamodel;
		};
/* End XCVersionGroup section */
	};
	rootObject = 778AD255255E149800ED1DB5 /* Project object */;
}
